
Microsoft Visual Studio Solution File, Format Version 12.00
# Visual Studio 14
VisualStudioVersion = 14.0.25420.1
MinimumVisualStudioVersion = 10.0.40219.1
Project("{FAE04EC0-301F-11D3-BF4B-00C04F79EFBC}") = "ProductListSwatchColorShopifyApp", "ProductListSwatchColorShopifyApp\ProductListSwatchColorShopifyApp.csproj", "{641D2CA8-F236-4A03-8EDE-3025FFFFAD49}"
EndProject
Project("{FAE04EC0-301F-11D3-BF4B-00C04F79EFBC}") = "ProductListSwatchColorShopifyApp.Tests", "ProductListSwatchColorShopifyApp.Tests\ProductListSwatchColorShopifyApp.Tests.csproj", "{3B24425D-EFF3-42F8-BE43-D38A4ED26969}"
EndProject
Global
	GlobalSection(SolutionConfigurationPlatforms) = preSolution
		Debug|Any CPU = Debug|Any CPU
		Release|Any CPU = Release|Any CPU
	EndGlobalSection
	GlobalSection(ProjectConfigurationPlatforms) = postSolution
		{641D2CA8-F236-4A03-8EDE-3025FFFFAD49}.Debug|Any CPU.ActiveCfg = Debug|Any CPU
		{641D2CA8-F236-4A03-8EDE-3025FFFFAD49}.Debug|Any CPU.Build.0 = Debug|Any CPU
		{641D2CA8-F236-4A03-8EDE-3025FFFFAD49}.Release|Any CPU.ActiveCfg = Release|Any CPU
		{641D2CA8-F236-4A03-8EDE-3025FFFFAD49}.Release|Any CPU.Build.0 = Release|Any CPU
		{3B24425D-EFF3-42F8-BE43-D38A4ED26969}.Debug|Any CPU.ActiveCfg = Debug|Any CPU
		{3B24425D-EFF3-42F8-BE43-D38A4ED26969}.Debug|Any CPU.Build.0 = Debug|Any CPU
		{3B24425D-EFF3-42F8-BE43-D38A4ED26969}.Release|Any CPU.ActiveCfg = Release|Any CPU
		{3B24425D-EFF3-42F8-BE43-D38A4ED26969}.Release|Any CPU.Build.0 = Release|Any CPU
	EndGlobalSection
	GlobalSection(SolutionProperties) = preSolution
		HideSolutionNode = FALSE
	EndGlobalSection
EndGlobal
